
Microsoft Visual Studio Solution File, Format Version 12.00
# Visual Studio Version 16
VisualStudioVersion = 16.0.28729.10
MinimumVisualStudioVersion = 10.0.40219.1
Project("{F14B399A-7131-4C87-9E4B-1186C45EF12D}") = "cd_reports", "cd_reports\cd_reports.rptproj", "{24858493-AEF8-43A0-8A8A-946E42FD2744}"
EndProject
Project("{F14B399A-7131-4C87-9E4B-1186C45EF12D}") = "Development", "Development\Development.rptproj", "{0427D2EB-F3F1-4D30-9A71-DB1FA07B168C}"
EndProject
Project("{F14B399A-7131-4C87-9E4B-1186C45EF12D}") = "Ticketing Box Office", "Ticketing\Ticketing Box Office.rptproj", "{76C7DB0B-F770-4B90-890F-129558395D2C}"
EndProject
Project("{F14B399A-7131-4C87-9E4B-1186C45EF12D}") = "Finance", "Finance\Finance.rptproj", "{9E945FF9-C0B4-41EB-8069-CD7C64690A4A}"
EndProject
Project("{F14B399A-7131-4C87-9E4B-1186C45EF12D}") = "CD_SSRS_Reports", "..\..\SSRS Reports\CD_SSRS_Reports.rptproj", "{02235EFC-2504-44BE-81C7-928BE71A4CD4}"
EndProject
Project("{F14B399A-7131-4C87-9E4B-1186C45EF12D}") = "Ticketing Subscription", "Ticketing Subscription\Ticketing Subscription.rptproj", "{66689B17-7E36-45CB-9527-283D524121C9}"
EndProject
Project("{F14B399A-7131-4C87-9E4B-1186C45EF12D}") = "Common", "Common\Common.rptproj", "{3D9285B3-D639-4A20-B4F8-FDFA49E12E5F}"
EndProject
Project("{F14B399A-7131-4C87-9E4B-1186C45EF12D}") = "Customer Service", "Customer Service\Customer Service.rptproj", "{2274C373-B8B8-481A-988E-70AF45D5235F}"
EndProject
Project("{F14B399A-7131-4C87-9E4B-1186C45EF12D}") = "Ticketing Proofing", "Ticketing Proofing\Ticketing Proofing.rptproj", "{A97A49F5-11FF-4560-A2F1-C2EB00CE302C}"
EndProject
Project("{F14B399A-7131-4C87-9E4B-1186C45EF12D}") = "CampaignAppeal", "Campaign and Appeal\CampaignAppeal.rptproj", "{1B1327DF-AE25-41A9-B3B6-FFF519A410FF}"
EndProject
Project("{F14B399A-7131-4C87-9E4B-1186C45EF12D}") = "Data Management", "Data Management\Data Management.rptproj", "{13898BDD-D91A-4D5C-944C-C79E670C8F7F}"
EndProject
Project("{F14B399A-7131-4C87-9E4B-1186C45EF12D}") = "Labels and Letters", "Labels and Letters\Labels and Letters.rptproj", "{5CE0C446-6322-4DCC-9F08-1BF1CF0B1103}"
EndProject
Project("{F14B399A-7131-4C87-9E4B-1186C45EF12D}") = "System Administration", "System Administration\System Administration.rptproj", "{2854AEAA-1940-4D08-8C9A-612C95BD7E08}"
EndProject
Project("{F14B399A-7131-4C87-9E4B-1186C45EF12D}") = "NScan", "..\Holly\Tessitura\cd_reports\NScan\NScan.rptproj", "{0418400D-698B-493E-8597-899FFBDD95CE}"
EndProject
Project("{F14B399A-7131-4C87-9E4B-1186C45EF12D}") = "Membership", "Membership\Membership.rptproj", "{0B47F46C-9BB5-4095-A485-FD1546E11762}"
EndProject
Project("{F14B399A-7131-4C87-9E4B-1186C45EF12D}") = "Deprecated", "Deprecated\Deprecated.rptproj", "{BD0F5675-DB57-4A8C-9C3D-4A357F6943C8}"
EndProject
Project("{F14B399A-7131-4C87-9E4B-1186C45EF12D}") = "Lists and Output Sets", "Lists and Output Sets\Lists and Output Sets.rptproj", "{F7783C31-121B-46BC-93A0-E106E72A18EB}"
EndProject
Global
	GlobalSection(SolutionConfigurationPlatforms) = preSolution
		Beta|Default = Beta|Default
		Beta2|Default = Beta2|Default
		Debug|Default = Debug|Default
		DebugLocal|Default = DebugLocal|Default
		Dev|Default = Dev|Default
		Legacy|Default = Legacy|Default
		Release_AWS|Default = Release_AWS|Default
		Release|Default = Release|Default
		Test|Default = Test|Default
	EndGlobalSection
	GlobalSection(ProjectConfigurationPlatforms) = postSolution
		{24858493-AEF8-43A0-8A8A-946E42FD2744}.Beta|Default.ActiveCfg = Beta
		{24858493-AEF8-43A0-8A8A-946E42FD2744}.Beta|Default.Build.0 = Beta
		{24858493-AEF8-43A0-8A8A-946E42FD2744}.Beta|Default.Deploy.0 = Beta
		{24858493-AEF8-43A0-8A8A-946E42FD2744}.Beta2|Default.ActiveCfg = Beta
		{24858493-AEF8-43A0-8A8A-946E42FD2744}.Beta2|Default.Build.0 = Beta
		{24858493-AEF8-43A0-8A8A-946E42FD2744}.Beta2|Default.Deploy.0 = Beta
		{24858493-AEF8-43A0-8A8A-946E42FD2744}.Debug|Default.ActiveCfg = Debug
		{24858493-AEF8-43A0-8A8A-946E42FD2744}.Debug|Default.Build.0 = Debug
		{24858493-AEF8-43A0-8A8A-946E42FD2744}.Debug|Default.Deploy.0 = Debug
		{24858493-AEF8-43A0-8A8A-946E42FD2744}.DebugLocal|Default.ActiveCfg = Debug
		{24858493-AEF8-43A0-8A8A-946E42FD2744}.DebugLocal|Default.Build.0 = Debug
		{24858493-AEF8-43A0-8A8A-946E42FD2744}.DebugLocal|Default.Deploy.0 = Debug
		{24858493-AEF8-43A0-8A8A-946E42FD2744}.Dev|Default.ActiveCfg = Debug
		{24858493-AEF8-43A0-8A8A-946E42FD2744}.Dev|Default.Build.0 = Debug
		{24858493-AEF8-43A0-8A8A-946E42FD2744}.Dev|Default.Deploy.0 = Debug
		{24858493-AEF8-43A0-8A8A-946E42FD2744}.Legacy|Default.ActiveCfg = Legacy
		{24858493-AEF8-43A0-8A8A-946E42FD2744}.Legacy|Default.Build.0 = Legacy
		{24858493-AEF8-43A0-8A8A-946E42FD2744}.Legacy|Default.Deploy.0 = Legacy
		{24858493-AEF8-43A0-8A8A-946E42FD2744}.Release_AWS|Default.ActiveCfg = Release_AWS
		{24858493-AEF8-43A0-8A8A-946E42FD2744}.Release_AWS|Default.Build.0 = Release_AWS
		{24858493-AEF8-43A0-8A8A-946E42FD2744}.Release_AWS|Default.Deploy.0 = Release_AWS
		{24858493-AEF8-43A0-8A8A-946E42FD2744}.Release|Default.ActiveCfg = Release
		{24858493-AEF8-43A0-8A8A-946E42FD2744}.Release|Default.Build.0 = Release
		{24858493-AEF8-43A0-8A8A-946E42FD2744}.Release|Default.Deploy.0 = Release
		{24858493-AEF8-43A0-8A8A-946E42FD2744}.Test|Default.ActiveCfg = Test
		{24858493-AEF8-43A0-8A8A-946E42FD2744}.Test|Default.Build.0 = Test
		{24858493-AEF8-43A0-8A8A-946E42FD2744}.Test|Default.Deploy.0 = Test
		{0427D2EB-F3F1-4D30-9A71-DB1FA07B168C}.Beta|Default.ActiveCfg = Release
		{0427D2EB-F3F1-4D30-9A71-DB1FA07B168C}.Beta|Default.Build.0 = Release
		{0427D2EB-F3F1-4D30-9A71-DB1FA07B168C}.Beta|Default.Deploy.0 = Release
		{0427D2EB-F3F1-4D30-9A71-DB1FA07B168C}.Beta2|Default.ActiveCfg = Beta
		{0427D2EB-F3F1-4D30-9A71-DB1FA07B168C}.Beta2|Default.Build.0 = Beta
		{0427D2EB-F3F1-4D30-9A71-DB1FA07B168C}.Beta2|Default.Deploy.0 = Beta
		{0427D2EB-F3F1-4D30-9A71-DB1FA07B168C}.Debug|Default.ActiveCfg = Debug
		{0427D2EB-F3F1-4D30-9A71-DB1FA07B168C}.Debug|Default.Build.0 = Debug
		{0427D2EB-F3F1-4D30-9A71-DB1FA07B168C}.Debug|Default.Deploy.0 = Debug
		{0427D2EB-F3F1-4D30-9A71-DB1FA07B168C}.DebugLocal|Default.ActiveCfg = Debug
		{0427D2EB-F3F1-4D30-9A71-DB1FA07B168C}.DebugLocal|Default.Build.0 = Debug
		{0427D2EB-F3F1-4D30-9A71-DB1FA07B168C}.DebugLocal|Default.Deploy.0 = Debug
		{0427D2EB-F3F1-4D30-9A71-DB1FA07B168C}.Dev|Default.ActiveCfg = Debug
		{0427D2EB-F3F1-4D30-9A71-DB1FA07B168C}.Dev|Default.Build.0 = Debug
		{0427D2EB-F3F1-4D30-9A71-DB1FA07B168C}.Dev|Default.Deploy.0 = Debug
		{0427D2EB-F3F1-4D30-9A71-DB1FA07B168C}.Legacy|Default.ActiveCfg = Legacy
		{0427D2EB-F3F1-4D30-9A71-DB1FA07B168C}.Legacy|Default.Build.0 = Legacy
		{0427D2EB-F3F1-4D30-9A71-DB1FA07B168C}.Legacy|Default.Deploy.0 = Legacy
		{0427D2EB-F3F1-4D30-9A71-DB1FA07B168C}.Release_AWS|Default.ActiveCfg = Release_AWS
		{0427D2EB-F3F1-4D30-9A71-DB1FA07B168C}.Release_AWS|Default.Build.0 = Release_AWS
		{0427D2EB-F3F1-4D30-9A71-DB1FA07B168C}.Release_AWS|Default.Deploy.0 = Release_AWS
		{0427D2EB-F3F1-4D30-9A71-DB1FA07B168C}.Release|Default.ActiveCfg = Release
		{0427D2EB-F3F1-4D30-9A71-DB1FA07B168C}.Release|Default.Build.0 = Release
		{0427D2EB-F3F1-4D30-9A71-DB1FA07B168C}.Release|Default.Deploy.0 = Release
		{0427D2EB-F3F1-4D30-9A71-DB1FA07B168C}.Test|Default.ActiveCfg = Test
		{0427D2EB-F3F1-4D30-9A71-DB1FA07B168C}.Test|Default.Build.0 = Test
		{0427D2EB-F3F1-4D30-9A71-DB1FA07B168C}.Test|Default.Deploy.0 = Test
		{76C7DB0B-F770-4B90-890F-129558395D2C}.Beta|Default.ActiveCfg = Beta
		{76C7DB0B-F770-4B90-890F-129558395D2C}.Beta|Default.Build.0 = Beta
		{76C7DB0B-F770-4B90-890F-129558395D2C}.Beta|Default.Deploy.0 = Beta
		{76C7DB0B-F770-4B90-890F-129558395D2C}.Beta2|Default.ActiveCfg = Beta
		{76C7DB0B-F770-4B90-890F-129558395D2C}.Beta2|Default.Build.0 = Beta
		{76C7DB0B-F770-4B90-890F-129558395D2C}.Beta2|Default.Deploy.0 = Beta
		{76C7DB0B-F770-4B90-890F-129558395D2C}.Debug|Default.ActiveCfg = Debug
		{76C7DB0B-F770-4B90-890F-129558395D2C}.Debug|Default.Build.0 = Debug
		{76C7DB0B-F770-4B90-890F-129558395D2C}.Debug|Default.Deploy.0 = Debug
		{76C7DB0B-F770-4B90-890F-129558395D2C}.DebugLocal|Default.ActiveCfg = Debug
		{76C7DB0B-F770-4B90-890F-129558395D2C}.DebugLocal|Default.Build.0 = Debug
		{76C7DB0B-F770-4B90-890F-129558395D2C}.DebugLocal|Default.Deploy.0 = Debug
		{76C7DB0B-F770-4B90-890F-129558395D2C}.Dev|Default.ActiveCfg = Debug
		{76C7DB0B-F770-4B90-890F-129558395D2C}.Dev|Default.Build.0 = Debug
		{76C7DB0B-F770-4B90-890F-129558395D2C}.Dev|Default.Deploy.0 = Debug
		{76C7DB0B-F770-4B90-890F-129558395D2C}.Legacy|Default.ActiveCfg = Legacy
		{76C7DB0B-F770-4B90-890F-129558395D2C}.Legacy|Default.Build.0 = Legacy
		{76C7DB0B-F770-4B90-890F-129558395D2C}.Legacy|Default.Deploy.0 = Legacy
		{76C7DB0B-F770-4B90-890F-129558395D2C}.Release_AWS|Default.ActiveCfg = Release_AWS
		{76C7DB0B-F770-4B90-890F-129558395D2C}.Release_AWS|Default.Build.0 = Release_AWS
		{76C7DB0B-F770-4B90-890F-129558395D2C}.Release_AWS|Default.Deploy.0 = Release_AWS
		{76C7DB0B-F770-4B90-890F-129558395D2C}.Release|Default.ActiveCfg = Release
		{76C7DB0B-F770-4B90-890F-129558395D2C}.Release|Default.Build.0 = Release
		{76C7DB0B-F770-4B90-890F-129558395D2C}.Release|Default.Deploy.0 = Release
		{76C7DB0B-F770-4B90-890F-129558395D2C}.Test|Default.ActiveCfg = Test
		{76C7DB0B-F770-4B90-890F-129558395D2C}.Test|Default.Build.0 = Test
		{76C7DB0B-F770-4B90-890F-129558395D2C}.Test|Default.Deploy.0 = Test
		{9E945FF9-C0B4-41EB-8069-CD7C64690A4A}.Beta|Default.ActiveCfg = Test
		{9E945FF9-C0B4-41EB-8069-CD7C64690A4A}.Beta|Default.Build.0 = Test
		{9E945FF9-C0B4-41EB-8069-CD7C64690A4A}.Beta|Default.Deploy.0 = Test
		{9E945FF9-C0B4-41EB-8069-CD7C64690A4A}.Beta2|Default.ActiveCfg = Beta
		{9E945FF9-C0B4-41EB-8069-CD7C64690A4A}.Beta2|Default.Build.0 = Beta
		{9E945FF9-C0B4-41EB-8069-CD7C64690A4A}.Beta2|Default.Deploy.0 = Beta
		{9E945FF9-C0B4-41EB-8069-CD7C64690A4A}.Debug|Default.ActiveCfg = Debug
		{9E945FF9-C0B4-41EB-8069-CD7C64690A4A}.Debug|Default.Build.0 = Debug
		{9E945FF9-C0B4-41EB-8069-CD7C64690A4A}.Debug|Default.Deploy.0 = Debug
		{9E945FF9-C0B4-41EB-8069-CD7C64690A4A}.DebugLocal|Default.ActiveCfg = Debug
		{9E945FF9-C0B4-41EB-8069-CD7C64690A4A}.DebugLocal|Default.Build.0 = Debug
		{9E945FF9-C0B4-41EB-8069-CD7C64690A4A}.DebugLocal|Default.Deploy.0 = Debug
		{9E945FF9-C0B4-41EB-8069-CD7C64690A4A}.Dev|Default.ActiveCfg = Debug
		{9E945FF9-C0B4-41EB-8069-CD7C64690A4A}.Dev|Default.Build.0 = Debug
		{9E945FF9-C0B4-41EB-8069-CD7C64690A4A}.Dev|Default.Deploy.0 = Debug
		{9E945FF9-C0B4-41EB-8069-CD7C64690A4A}.Legacy|Default.ActiveCfg = Legacy
		{9E945FF9-C0B4-41EB-8069-CD7C64690A4A}.Legacy|Default.Build.0 = Legacy
		{9E945FF9-C0B4-41EB-8069-CD7C64690A4A}.Legacy|Default.Deploy.0 = Legacy
		{9E945FF9-C0B4-41EB-8069-CD7C64690A4A}.Release_AWS|Default.ActiveCfg = Release_AWS
		{9E945FF9-C0B4-41EB-8069-CD7C64690A4A}.Release_AWS|Default.Build.0 = Release_AWS
		{9E945FF9-C0B4-41EB-8069-CD7C64690A4A}.Release_AWS|Default.Deploy.0 = Release_AWS
		{9E945FF9-C0B4-41EB-8069-CD7C64690A4A}.Release|Default.ActiveCfg = Release
		{9E945FF9-C0B4-41EB-8069-CD7C64690A4A}.Release|Default.Build.0 = Release
		{9E945FF9-C0B4-41EB-8069-CD7C64690A4A}.Release|Default.Deploy.0 = Release
		{9E945FF9-C0B4-41EB-8069-CD7C64690A4A}.Test|Default.ActiveCfg = Test
		{9E945FF9-C0B4-41EB-8069-CD7C64690A4A}.Test|Default.Build.0 = Test
		{9E945FF9-C0B4-41EB-8069-CD7C64690A4A}.Test|Default.Deploy.0 = Test
		{02235EFC-2504-44BE-81C7-928BE71A4CD4}.Beta|Default.ActiveCfg = TEST
		{02235EFC-2504-44BE-81C7-928BE71A4CD4}.Beta|Default.Build.0 = TEST
		{02235EFC-2504-44BE-81C7-928BE71A4CD4}.Beta|Default.Deploy.0 = TEST
		{02235EFC-2504-44BE-81C7-928BE71A4CD4}.Beta2|Default.ActiveCfg = TEST
		{02235EFC-2504-44BE-81C7-928BE71A4CD4}.Beta2|Default.Build.0 = TEST
		{02235EFC-2504-44BE-81C7-928BE71A4CD4}.Beta2|Default.Deploy.0 = TEST
		{02235EFC-2504-44BE-81C7-928BE71A4CD4}.Debug|Default.ActiveCfg = TEST
		{02235EFC-2504-44BE-81C7-928BE71A4CD4}.Debug|Default.Build.0 = TEST
		{02235EFC-2504-44BE-81C7-928BE71A4CD4}.Debug|Default.Deploy.0 = TEST
		{02235EFC-2504-44BE-81C7-928BE71A4CD4}.DebugLocal|Default.ActiveCfg = TEST
		{02235EFC-2504-44BE-81C7-928BE71A4CD4}.DebugLocal|Default.Build.0 = TEST
		{02235EFC-2504-44BE-81C7-928BE71A4CD4}.DebugLocal|Default.Deploy.0 = TEST
		{02235EFC-2504-44BE-81C7-928BE71A4CD4}.Dev|Default.ActiveCfg = TEST
		{02235EFC-2504-44BE-81C7-928BE71A4CD4}.Dev|Default.Build.0 = TEST
		{02235EFC-2504-44BE-81C7-928BE71A4CD4}.Dev|Default.Deploy.0 = TEST
		{02235EFC-2504-44BE-81C7-928BE71A4CD4}.Legacy|Default.ActiveCfg = TEST
		{02235EFC-2504-44BE-81C7-928BE71A4CD4}.Legacy|Default.Build.0 = TEST
		{02235EFC-2504-44BE-81C7-928BE71A4CD4}.Legacy|Default.Deploy.0 = TEST
		{02235EFC-2504-44BE-81C7-928BE71A4CD4}.Release_AWS|Default.ActiveCfg = 
		{02235EFC-2504-44BE-81C7-928BE71A4CD4}.Release_AWS|Default.Build.0 = 
		{02235EFC-2504-44BE-81C7-928BE71A4CD4}.Release_AWS|Default.Deploy.0 = 
		{02235EFC-2504-44BE-81C7-928BE71A4CD4}.Release|Default.ActiveCfg = TEST
		{02235EFC-2504-44BE-81C7-928BE71A4CD4}.Release|Default.Build.0 = TEST
		{02235EFC-2504-44BE-81C7-928BE71A4CD4}.Release|Default.Deploy.0 = TEST
		{02235EFC-2504-44BE-81C7-928BE71A4CD4}.Test|Default.ActiveCfg = TEST
		{02235EFC-2504-44BE-81C7-928BE71A4CD4}.Test|Default.Build.0 = TEST
		{02235EFC-2504-44BE-81C7-928BE71A4CD4}.Test|Default.Deploy.0 = TEST
		{66689B17-7E36-45CB-9527-283D524121C9}.Beta|Default.ActiveCfg = Release
		{66689B17-7E36-45CB-9527-283D524121C9}.Beta|Default.Build.0 = Release
		{66689B17-7E36-45CB-9527-283D524121C9}.Beta|Default.Deploy.0 = Release
		{66689B17-7E36-45CB-9527-283D524121C9}.Beta2|Default.ActiveCfg = Beta
		{66689B17-7E36-45CB-9527-283D524121C9}.Beta2|Default.Build.0 = Beta
		{66689B17-7E36-45CB-9527-283D524121C9}.Beta2|Default.Deploy.0 = Beta
		{66689B17-7E36-45CB-9527-283D524121C9}.Debug|Default.ActiveCfg = Debug
		{66689B17-7E36-45CB-9527-283D524121C9}.Debug|Default.Build.0 = Debug
		{66689B17-7E36-45CB-9527-283D524121C9}.Debug|Default.Deploy.0 = Debug
		{66689B17-7E36-45CB-9527-283D524121C9}.DebugLocal|Default.ActiveCfg = Debug
		{66689B17-7E36-45CB-9527-283D524121C9}.DebugLocal|Default.Build.0 = Debug
		{66689B17-7E36-45CB-9527-283D524121C9}.DebugLocal|Default.Deploy.0 = Debug
		{66689B17-7E36-45CB-9527-283D524121C9}.Dev|Default.ActiveCfg = Debug
		{66689B17-7E36-45CB-9527-283D524121C9}.Dev|Default.Build.0 = Debug
		{66689B17-7E36-45CB-9527-283D524121C9}.Dev|Default.Deploy.0 = Debug
		{66689B17-7E36-45CB-9527-283D524121C9}.Legacy|Default.ActiveCfg = Legacy
		{66689B17-7E36-45CB-9527-283D524121C9}.Legacy|Default.Build.0 = Legacy
		{66689B17-7E36-45CB-9527-283D524121C9}.Legacy|Default.Deploy.0 = Legacy
		{66689B17-7E36-45CB-9527-283D524121C9}.Release_AWS|Default.ActiveCfg = Release_AWS
		{66689B17-7E36-45CB-9527-283D524121C9}.Release_AWS|Default.Build.0 = Release_AWS
		{66689B17-7E36-45CB-9527-283D524121C9}.Release_AWS|Default.Deploy.0 = Release_AWS
		{66689B17-7E36-45CB-9527-283D524121C9}.Release|Default.ActiveCfg = Release
		{66689B17-7E36-45CB-9527-283D524121C9}.Release|Default.Build.0 = Release
		{66689B17-7E36-45CB-9527-283D524121C9}.Release|Default.Deploy.0 = Release
		{66689B17-7E36-45CB-9527-283D524121C9}.Test|Default.ActiveCfg = Test
		{66689B17-7E36-45CB-9527-283D524121C9}.Test|Default.Build.0 = Test
		{66689B17-7E36-45CB-9527-283D524121C9}.Test|Default.Deploy.0 = Test
		{3D9285B3-D639-4A20-B4F8-FDFA49E12E5F}.Beta|Default.ActiveCfg = Release
		{3D9285B3-D639-4A20-B4F8-FDFA49E12E5F}.Beta|Default.Build.0 = Release
		{3D9285B3-D639-4A20-B4F8-FDFA49E12E5F}.Beta|Default.Deploy.0 = Release
		{3D9285B3-D639-4A20-B4F8-FDFA49E12E5F}.Beta2|Default.ActiveCfg = Beta
		{3D9285B3-D639-4A20-B4F8-FDFA49E12E5F}.Beta2|Default.Build.0 = Beta
		{3D9285B3-D639-4A20-B4F8-FDFA49E12E5F}.Beta2|Default.Deploy.0 = Beta
		{3D9285B3-D639-4A20-B4F8-FDFA49E12E5F}.Debug|Default.ActiveCfg = Debug
		{3D9285B3-D639-4A20-B4F8-FDFA49E12E5F}.Debug|Default.Build.0 = Debug
		{3D9285B3-D639-4A20-B4F8-FDFA49E12E5F}.Debug|Default.Deploy.0 = Debug
		{3D9285B3-D639-4A20-B4F8-FDFA49E12E5F}.DebugLocal|Default.ActiveCfg = Debug
		{3D9285B3-D639-4A20-B4F8-FDFA49E12E5F}.DebugLocal|Default.Build.0 = Debug
		{3D9285B3-D639-4A20-B4F8-FDFA49E12E5F}.DebugLocal|Default.Deploy.0 = Debug
		{3D9285B3-D639-4A20-B4F8-FDFA49E12E5F}.Dev|Default.ActiveCfg = Debug
		{3D9285B3-D639-4A20-B4F8-FDFA49E12E5F}.Dev|Default.Build.0 = Debug
		{3D9285B3-D639-4A20-B4F8-FDFA49E12E5F}.Dev|Default.Deploy.0 = Debug
		{3D9285B3-D639-4A20-B4F8-FDFA49E12E5F}.Legacy|Default.ActiveCfg = Legacy
		{3D9285B3-D639-4A20-B4F8-FDFA49E12E5F}.Legacy|Default.Build.0 = Legacy
		{3D9285B3-D639-4A20-B4F8-FDFA49E12E5F}.Legacy|Default.Deploy.0 = Legacy
		{3D9285B3-D639-4A20-B4F8-FDFA49E12E5F}.Release_AWS|Default.ActiveCfg = Release_AWS
		{3D9285B3-D639-4A20-B4F8-FDFA49E12E5F}.Release_AWS|Default.Build.0 = Release_AWS
		{3D9285B3-D639-4A20-B4F8-FDFA49E12E5F}.Release_AWS|Default.Deploy.0 = Release_AWS
		{3D9285B3-D639-4A20-B4F8-FDFA49E12E5F}.Release|Default.ActiveCfg = Release
		{3D9285B3-D639-4A20-B4F8-FDFA49E12E5F}.Release|Default.Build.0 = Release
		{3D9285B3-D639-4A20-B4F8-FDFA49E12E5F}.Release|Default.Deploy.0 = Release
		{3D9285B3-D639-4A20-B4F8-FDFA49E12E5F}.Test|Default.ActiveCfg = Test
		{3D9285B3-D639-4A20-B4F8-FDFA49E12E5F}.Test|Default.Build.0 = Test
		{3D9285B3-D639-4A20-B4F8-FDFA49E12E5F}.Test|Default.Deploy.0 = Test
		{2274C373-B8B8-481A-988E-70AF45D5235F}.Beta|Default.ActiveCfg = Release
		{2274C373-B8B8-481A-988E-70AF45D5235F}.Beta|Default.Build.0 = Release
		{2274C373-B8B8-481A-988E-70AF45D5235F}.Beta|Default.Deploy.0 = Release
		{2274C373-B8B8-481A-988E-70AF45D5235F}.Beta2|Default.ActiveCfg = Beta
		{2274C373-B8B8-481A-988E-70AF45D5235F}.Beta2|Default.Build.0 = Beta
		{2274C373-B8B8-481A-988E-70AF45D5235F}.Beta2|Default.Deploy.0 = Beta
		{2274C373-B8B8-481A-988E-70AF45D5235F}.Debug|Default.ActiveCfg = Debug
		{2274C373-B8B8-481A-988E-70AF45D5235F}.Debug|Default.Build.0 = Debug
		{2274C373-B8B8-481A-988E-70AF45D5235F}.Debug|Default.Deploy.0 = Debug
		{2274C373-B8B8-481A-988E-70AF45D5235F}.DebugLocal|Default.ActiveCfg = Debug
		{2274C373-B8B8-481A-988E-70AF45D5235F}.DebugLocal|Default.Build.0 = Debug
		{2274C373-B8B8-481A-988E-70AF45D5235F}.DebugLocal|Default.Deploy.0 = Debug
		{2274C373-B8B8-481A-988E-70AF45D5235F}.Dev|Default.ActiveCfg = Debug
		{2274C373-B8B8-481A-988E-70AF45D5235F}.Dev|Default.Build.0 = Debug
		{2274C373-B8B8-481A-988E-70AF45D5235F}.Dev|Default.Deploy.0 = Debug
		{2274C373-B8B8-481A-988E-70AF45D5235F}.Legacy|Default.ActiveCfg = Legacy
		{2274C373-B8B8-481A-988E-70AF45D5235F}.Legacy|Default.Build.0 = Legacy
		{2274C373-B8B8-481A-988E-70AF45D5235F}.Legacy|Default.Deploy.0 = Legacy
		{2274C373-B8B8-481A-988E-70AF45D5235F}.Release_AWS|Default.ActiveCfg = Release_AWS
		{2274C373-B8B8-481A-988E-70AF45D5235F}.Release_AWS|Default.Build.0 = Release_AWS
		{2274C373-B8B8-481A-988E-70AF45D5235F}.Release_AWS|Default.Deploy.0 = Release_AWS
		{2274C373-B8B8-481A-988E-70AF45D5235F}.Release|Default.ActiveCfg = Release
		{2274C373-B8B8-481A-988E-70AF45D5235F}.Release|Default.Build.0 = Release
		{2274C373-B8B8-481A-988E-70AF45D5235F}.Release|Default.Deploy.0 = Release
		{2274C373-B8B8-481A-988E-70AF45D5235F}.Test|Default.ActiveCfg = TEST
		{2274C373-B8B8-481A-988E-70AF45D5235F}.Test|Default.Build.0 = TEST
		{2274C373-B8B8-481A-988E-70AF45D5235F}.Test|Default.Deploy.0 = TEST
		{A97A49F5-11FF-4560-A2F1-C2EB00CE302C}.Beta|Default.ActiveCfg = Release
		{A97A49F5-11FF-4560-A2F1-C2EB00CE302C}.Beta|Default.Build.0 = Release
		{A97A49F5-11FF-4560-A2F1-C2EB00CE302C}.Beta|Default.Deploy.0 = Release
		{A97A49F5-11FF-4560-A2F1-C2EB00CE302C}.Beta2|Default.ActiveCfg = Beta
		{A97A49F5-11FF-4560-A2F1-C2EB00CE302C}.Beta2|Default.Build.0 = Beta
		{A97A49F5-11FF-4560-A2F1-C2EB00CE302C}.Beta2|Default.Deploy.0 = Beta
		{A97A49F5-11FF-4560-A2F1-C2EB00CE302C}.Debug|Default.ActiveCfg = Debug
		{A97A49F5-11FF-4560-A2F1-C2EB00CE302C}.Debug|Default.Build.0 = Debug
		{A97A49F5-11FF-4560-A2F1-C2EB00CE302C}.Debug|Default.Deploy.0 = Debug
		{A97A49F5-11FF-4560-A2F1-C2EB00CE302C}.DebugLocal|Default.ActiveCfg = Debug
		{A97A49F5-11FF-4560-A2F1-C2EB00CE302C}.DebugLocal|Default.Build.0 = Debug
		{A97A49F5-11FF-4560-A2F1-C2EB00CE302C}.DebugLocal|Default.Deploy.0 = Debug
		{A97A49F5-11FF-4560-A2F1-C2EB00CE302C}.Dev|Default.ActiveCfg = Debug
		{A97A49F5-11FF-4560-A2F1-C2EB00CE302C}.Dev|Default.Build.0 = Debug
		{A97A49F5-11FF-4560-A2F1-C2EB00CE302C}.Dev|Default.Deploy.0 = Debug
		{A97A49F5-11FF-4560-A2F1-C2EB00CE302C}.Legacy|Default.ActiveCfg = Legacy
		{A97A49F5-11FF-4560-A2F1-C2EB00CE302C}.Legacy|Default.Build.0 = Legacy
		{A97A49F5-11FF-4560-A2F1-C2EB00CE302C}.Legacy|Default.Deploy.0 = Legacy
		{A97A49F5-11FF-4560-A2F1-C2EB00CE302C}.Release_AWS|Default.ActiveCfg = Release_AWS
		{A97A49F5-11FF-4560-A2F1-C2EB00CE302C}.Release_AWS|Default.Build.0 = Release_AWS
		{A97A49F5-11FF-4560-A2F1-C2EB00CE302C}.Release_AWS|Default.Deploy.0 = Release_AWS
		{A97A49F5-11FF-4560-A2F1-C2EB00CE302C}.Release|Default.ActiveCfg = Release
		{A97A49F5-11FF-4560-A2F1-C2EB00CE302C}.Release|Default.Build.0 = Release
		{A97A49F5-11FF-4560-A2F1-C2EB00CE302C}.Release|Default.Deploy.0 = Release
		{A97A49F5-11FF-4560-A2F1-C2EB00CE302C}.Test|Default.ActiveCfg = Test
		{A97A49F5-11FF-4560-A2F1-C2EB00CE302C}.Test|Default.Build.0 = Test
		{A97A49F5-11FF-4560-A2F1-C2EB00CE302C}.Test|Default.Deploy.0 = Test
		{1B1327DF-AE25-41A9-B3B6-FFF519A410FF}.Beta|Default.ActiveCfg = Beta
		{1B1327DF-AE25-41A9-B3B6-FFF519A410FF}.Beta|Default.Build.0 = Beta
		{1B1327DF-AE25-41A9-B3B6-FFF519A410FF}.Beta|Default.Deploy.0 = Beta
		{1B1327DF-AE25-41A9-B3B6-FFF519A410FF}.Beta2|Default.ActiveCfg = Beta
		{1B1327DF-AE25-41A9-B3B6-FFF519A410FF}.Beta2|Default.Build.0 = Beta
		{1B1327DF-AE25-41A9-B3B6-FFF519A410FF}.Beta2|Default.Deploy.0 = Beta
		{1B1327DF-AE25-41A9-B3B6-FFF519A410FF}.Debug|Default.ActiveCfg = Debug
		{1B1327DF-AE25-41A9-B3B6-FFF519A410FF}.Debug|Default.Build.0 = Debug
		{1B1327DF-AE25-41A9-B3B6-FFF519A410FF}.Debug|Default.Deploy.0 = Debug
		{1B1327DF-AE25-41A9-B3B6-FFF519A410FF}.DebugLocal|Default.ActiveCfg = Debug
		{1B1327DF-AE25-41A9-B3B6-FFF519A410FF}.DebugLocal|Default.Build.0 = Debug
		{1B1327DF-AE25-41A9-B3B6-FFF519A410FF}.DebugLocal|Default.Deploy.0 = Debug
		{1B1327DF-AE25-41A9-B3B6-FFF519A410FF}.Dev|Default.ActiveCfg = Dev
		{1B1327DF-AE25-41A9-B3B6-FFF519A410FF}.Dev|Default.Build.0 = Dev
		{1B1327DF-AE25-41A9-B3B6-FFF519A410FF}.Dev|Default.Deploy.0 = Dev
		{1B1327DF-AE25-41A9-B3B6-FFF519A410FF}.Legacy|Default.ActiveCfg = Legacy
		{1B1327DF-AE25-41A9-B3B6-FFF519A410FF}.Legacy|Default.Build.0 = Legacy
		{1B1327DF-AE25-41A9-B3B6-FFF519A410FF}.Legacy|Default.Deploy.0 = Legacy
		{1B1327DF-AE25-41A9-B3B6-FFF519A410FF}.Release_AWS|Default.ActiveCfg = Release_AWS
		{1B1327DF-AE25-41A9-B3B6-FFF519A410FF}.Release_AWS|Default.Build.0 = Release_AWS
		{1B1327DF-AE25-41A9-B3B6-FFF519A410FF}.Release_AWS|Default.Deploy.0 = Release_AWS
		{1B1327DF-AE25-41A9-B3B6-FFF519A410FF}.Release|Default.ActiveCfg = Release
		{1B1327DF-AE25-41A9-B3B6-FFF519A410FF}.Release|Default.Build.0 = Release
		{1B1327DF-AE25-41A9-B3B6-FFF519A410FF}.Release|Default.Deploy.0 = Release
		{1B1327DF-AE25-41A9-B3B6-FFF519A410FF}.Test|Default.ActiveCfg = Test
		{1B1327DF-AE25-41A9-B3B6-FFF519A410FF}.Test|Default.Build.0 = Test
		{1B1327DF-AE25-41A9-B3B6-FFF519A410FF}.Test|Default.Deploy.0 = Test
		{13898BDD-D91A-4D5C-944C-C79E670C8F7F}.Beta|Default.ActiveCfg = Beta
		{13898BDD-D91A-4D5C-944C-C79E670C8F7F}.Beta|Default.Build.0 = Beta
		{13898BDD-D91A-4D5C-944C-C79E670C8F7F}.Beta|Default.Deploy.0 = Beta
		{13898BDD-D91A-4D5C-944C-C79E670C8F7F}.Beta2|Default.ActiveCfg = Release
		{13898BDD-D91A-4D5C-944C-C79E670C8F7F}.Beta2|Default.Build.0 = Release
		{13898BDD-D91A-4D5C-944C-C79E670C8F7F}.Beta2|Default.Deploy.0 = Release
		{13898BDD-D91A-4D5C-944C-C79E670C8F7F}.Debug|Default.ActiveCfg = Debug
		{13898BDD-D91A-4D5C-944C-C79E670C8F7F}.Debug|Default.Build.0 = Debug
		{13898BDD-D91A-4D5C-944C-C79E670C8F7F}.Debug|Default.Deploy.0 = Debug
		{13898BDD-D91A-4D5C-944C-C79E670C8F7F}.DebugLocal|Default.ActiveCfg = Debug
		{13898BDD-D91A-4D5C-944C-C79E670C8F7F}.DebugLocal|Default.Build.0 = Debug
		{13898BDD-D91A-4D5C-944C-C79E670C8F7F}.DebugLocal|Default.Deploy.0 = Debug
		{13898BDD-D91A-4D5C-944C-C79E670C8F7F}.Dev|Default.ActiveCfg = Debug
		{13898BDD-D91A-4D5C-944C-C79E670C8F7F}.Dev|Default.Build.0 = Debug
		{13898BDD-D91A-4D5C-944C-C79E670C8F7F}.Dev|Default.Deploy.0 = Debug
		{13898BDD-D91A-4D5C-944C-C79E670C8F7F}.Legacy|Default.ActiveCfg = Legacy
		{13898BDD-D91A-4D5C-944C-C79E670C8F7F}.Legacy|Default.Build.0 = Legacy
		{13898BDD-D91A-4D5C-944C-C79E670C8F7F}.Legacy|Default.Deploy.0 = Legacy
		{13898BDD-D91A-4D5C-944C-C79E670C8F7F}.Release_AWS|Default.ActiveCfg = Release_AWS
		{13898BDD-D91A-4D5C-944C-C79E670C8F7F}.Release_AWS|Default.Build.0 = Release_AWS
		{13898BDD-D91A-4D5C-944C-C79E670C8F7F}.Release_AWS|Default.Deploy.0 = Release_AWS
		{13898BDD-D91A-4D5C-944C-C79E670C8F7F}.Release|Default.ActiveCfg = Release
		{13898BDD-D91A-4D5C-944C-C79E670C8F7F}.Release|Default.Build.0 = Release
		{13898BDD-D91A-4D5C-944C-C79E670C8F7F}.Release|Default.Deploy.0 = Release
		{13898BDD-D91A-4D5C-944C-C79E670C8F7F}.Test|Default.ActiveCfg = Test
		{13898BDD-D91A-4D5C-944C-C79E670C8F7F}.Test|Default.Build.0 = Test
		{13898BDD-D91A-4D5C-944C-C79E670C8F7F}.Test|Default.Deploy.0 = Test
		{5CE0C446-6322-4DCC-9F08-1BF1CF0B1103}.Beta|Default.ActiveCfg = Beta
		{5CE0C446-6322-4DCC-9F08-1BF1CF0B1103}.Beta|Default.Build.0 = Beta
		{5CE0C446-6322-4DCC-9F08-1BF1CF0B1103}.Beta|Default.Deploy.0 = Beta
		{5CE0C446-6322-4DCC-9F08-1BF1CF0B1103}.Beta2|Default.ActiveCfg = Beta
		{5CE0C446-6322-4DCC-9F08-1BF1CF0B1103}.Beta2|Default.Build.0 = Beta
		{5CE0C446-6322-4DCC-9F08-1BF1CF0B1103}.Beta2|Default.Deploy.0 = Beta
		{5CE0C446-6322-4DCC-9F08-1BF1CF0B1103}.Debug|Default.ActiveCfg = Debug
		{5CE0C446-6322-4DCC-9F08-1BF1CF0B1103}.Debug|Default.Build.0 = Debug
		{5CE0C446-6322-4DCC-9F08-1BF1CF0B1103}.Debug|Default.Deploy.0 = Debug
		{5CE0C446-6322-4DCC-9F08-1BF1CF0B1103}.DebugLocal|Default.ActiveCfg = Debug
		{5CE0C446-6322-4DCC-9F08-1BF1CF0B1103}.DebugLocal|Default.Build.0 = Debug
		{5CE0C446-6322-4DCC-9F08-1BF1CF0B1103}.DebugLocal|Default.Deploy.0 = Debug
		{5CE0C446-6322-4DCC-9F08-1BF1CF0B1103}.Dev|Default.ActiveCfg = Debug
		{5CE0C446-6322-4DCC-9F08-1BF1CF0B1103}.Dev|Default.Build.0 = Debug
		{5CE0C446-6322-4DCC-9F08-1BF1CF0B1103}.Dev|Default.Deploy.0 = Debug
		{5CE0C446-6322-4DCC-9F08-1BF1CF0B1103}.Legacy|Default.ActiveCfg = Legacy
		{5CE0C446-6322-4DCC-9F08-1BF1CF0B1103}.Legacy|Default.Build.0 = Legacy
		{5CE0C446-6322-4DCC-9F08-1BF1CF0B1103}.Legacy|Default.Deploy.0 = Legacy
		{5CE0C446-6322-4DCC-9F08-1BF1CF0B1103}.Release_AWS|Default.ActiveCfg = Release_AWS
		{5CE0C446-6322-4DCC-9F08-1BF1CF0B1103}.Release_AWS|Default.Build.0 = Release_AWS
		{5CE0C446-6322-4DCC-9F08-1BF1CF0B1103}.Release_AWS|Default.Deploy.0 = Release_AWS
		{5CE0C446-6322-4DCC-9F08-1BF1CF0B1103}.Release|Default.ActiveCfg = Release
		{5CE0C446-6322-4DCC-9F08-1BF1CF0B1103}.Release|Default.Build.0 = Release
		{5CE0C446-6322-4DCC-9F08-1BF1CF0B1103}.Release|Default.Deploy.0 = Release
		{5CE0C446-6322-4DCC-9F08-1BF1CF0B1103}.Test|Default.ActiveCfg = TEST
		{5CE0C446-6322-4DCC-9F08-1BF1CF0B1103}.Test|Default.Build.0 = TEST
		{5CE0C446-6322-4DCC-9F08-1BF1CF0B1103}.Test|Default.Deploy.0 = TEST
		{2854AEAA-1940-4D08-8C9A-612C95BD7E08}.Beta|Default.ActiveCfg = Release
		{2854AEAA-1940-4D08-8C9A-612C95BD7E08}.Beta|Default.Build.0 = Release
		{2854AEAA-1940-4D08-8C9A-612C95BD7E08}.Beta|Default.Deploy.0 = Release
		{2854AEAA-1940-4D08-8C9A-612C95BD7E08}.Beta2|Default.ActiveCfg = Release
		{2854AEAA-1940-4D08-8C9A-612C95BD7E08}.Beta2|Default.Build.0 = Release
		{2854AEAA-1940-4D08-8C9A-612C95BD7E08}.Beta2|Default.Deploy.0 = Release
		{2854AEAA-1940-4D08-8C9A-612C95BD7E08}.Debug|Default.ActiveCfg = Debug
		{2854AEAA-1940-4D08-8C9A-612C95BD7E08}.Debug|Default.Build.0 = Debug
		{2854AEAA-1940-4D08-8C9A-612C95BD7E08}.Debug|Default.Deploy.0 = Debug
		{2854AEAA-1940-4D08-8C9A-612C95BD7E08}.DebugLocal|Default.ActiveCfg = DebugLocal
		{2854AEAA-1940-4D08-8C9A-612C95BD7E08}.DebugLocal|Default.Build.0 = DebugLocal
		{2854AEAA-1940-4D08-8C9A-612C95BD7E08}.Dev|Default.ActiveCfg = DebugLocal
		{2854AEAA-1940-4D08-8C9A-612C95BD7E08}.Dev|Default.Build.0 = DebugLocal
		{2854AEAA-1940-4D08-8C9A-612C95BD7E08}.Dev|Default.Deploy.0 = DebugLocal
		{2854AEAA-1940-4D08-8C9A-612C95BD7E08}.Legacy|Default.ActiveCfg = Release
		{2854AEAA-1940-4D08-8C9A-612C95BD7E08}.Legacy|Default.Build.0 = Release
		{2854AEAA-1940-4D08-8C9A-612C95BD7E08}.Legacy|Default.Deploy.0 = Release
		{2854AEAA-1940-4D08-8C9A-612C95BD7E08}.Release_AWS|Default.ActiveCfg = Release_AWS
		{2854AEAA-1940-4D08-8C9A-612C95BD7E08}.Release_AWS|Default.Build.0 = Release_AWS
		{2854AEAA-1940-4D08-8C9A-612C95BD7E08}.Release_AWS|Default.Deploy.0 = Release_AWS
		{2854AEAA-1940-4D08-8C9A-612C95BD7E08}.Release|Default.ActiveCfg = Release
		{2854AEAA-1940-4D08-8C9A-612C95BD7E08}.Release|Default.Build.0 = Release
		{2854AEAA-1940-4D08-8C9A-612C95BD7E08}.Release|Default.Deploy.0 = Release
		{2854AEAA-1940-4D08-8C9A-612C95BD7E08}.Test|Default.ActiveCfg = Test
		{2854AEAA-1940-4D08-8C9A-612C95BD7E08}.Test|Default.Build.0 = Test
		{2854AEAA-1940-4D08-8C9A-612C95BD7E08}.Test|Default.Deploy.0 = Test
		{0418400D-698B-493E-8597-899FFBDD95CE}.Beta|Default.ActiveCfg = Dev
		{0418400D-698B-493E-8597-899FFBDD95CE}.Beta|Default.Build.0 = Dev
		{0418400D-698B-493E-8597-899FFBDD95CE}.Beta|Default.Deploy.0 = Dev
		{0418400D-698B-493E-8597-899FFBDD95CE}.Beta2|Default.ActiveCfg = Dev
		{0418400D-698B-493E-8597-899FFBDD95CE}.Beta2|Default.Build.0 = Dev
		{0418400D-698B-493E-8597-899FFBDD95CE}.Beta2|Default.Deploy.0 = Dev
		{0418400D-698B-493E-8597-899FFBDD95CE}.Debug|Default.ActiveCfg = Dev
		{0418400D-698B-493E-8597-899FFBDD95CE}.Debug|Default.Build.0 = Dev
		{0418400D-698B-493E-8597-899FFBDD95CE}.Debug|Default.Deploy.0 = Dev
		{0418400D-698B-493E-8597-899FFBDD95CE}.DebugLocal|Default.ActiveCfg = Dev
		{0418400D-698B-493E-8597-899FFBDD95CE}.DebugLocal|Default.Build.0 = Dev
		{0418400D-698B-493E-8597-899FFBDD95CE}.DebugLocal|Default.Deploy.0 = Dev
		{0418400D-698B-493E-8597-899FFBDD95CE}.Dev|Default.ActiveCfg = Dev
		{0418400D-698B-493E-8597-899FFBDD95CE}.Dev|Default.Build.0 = Dev
		{0418400D-698B-493E-8597-899FFBDD95CE}.Dev|Default.Deploy.0 = Dev
		{0418400D-698B-493E-8597-899FFBDD95CE}.Legacy|Default.ActiveCfg = Dev
		{0418400D-698B-493E-8597-899FFBDD95CE}.Legacy|Default.Build.0 = Dev
		{0418400D-698B-493E-8597-899FFBDD95CE}.Legacy|Default.Deploy.0 = Dev
		{0418400D-698B-493E-8597-899FFBDD95CE}.Release_AWS|Default.ActiveCfg = Release_AWS
		{0418400D-698B-493E-8597-899FFBDD95CE}.Release_AWS|Default.Build.0 = Release_AWS
		{0418400D-698B-493E-8597-899FFBDD95CE}.Release_AWS|Default.Deploy.0 = Release_AWS
		{0418400D-698B-493E-8597-899FFBDD95CE}.Release|Default.ActiveCfg = Release
		{0418400D-698B-493E-8597-899FFBDD95CE}.Release|Default.Build.0 = Release
		{0418400D-698B-493E-8597-899FFBDD95CE}.Release|Default.Deploy.0 = Release
		{0418400D-698B-493E-8597-899FFBDD95CE}.Test|Default.ActiveCfg = Test
		{0418400D-698B-493E-8597-899FFBDD95CE}.Test|Default.Build.0 = Test
		{0418400D-698B-493E-8597-899FFBDD95CE}.Test|Default.Deploy.0 = Test
		{0B47F46C-9BB5-4095-A485-FD1546E11762}.Beta|Default.ActiveCfg = Release
		{0B47F46C-9BB5-4095-A485-FD1546E11762}.Beta|Default.Build.0 = Release
		{0B47F46C-9BB5-4095-A485-FD1546E11762}.Beta|Default.Deploy.0 = Release
		{0B47F46C-9BB5-4095-A485-FD1546E11762}.Beta2|Default.ActiveCfg = Release
		{0B47F46C-9BB5-4095-A485-FD1546E11762}.Beta2|Default.Build.0 = Release
		{0B47F46C-9BB5-4095-A485-FD1546E11762}.Beta2|Default.Deploy.0 = Release
		{0B47F46C-9BB5-4095-A485-FD1546E11762}.Debug|Default.ActiveCfg = Debug
		{0B47F46C-9BB5-4095-A485-FD1546E11762}.Debug|Default.Build.0 = Debug
		{0B47F46C-9BB5-4095-A485-FD1546E11762}.Debug|Default.Deploy.0 = Debug
		{0B47F46C-9BB5-4095-A485-FD1546E11762}.DebugLocal|Default.ActiveCfg = DebugLocal
		{0B47F46C-9BB5-4095-A485-FD1546E11762}.DebugLocal|Default.Build.0 = DebugLocal
		{0B47F46C-9BB5-4095-A485-FD1546E11762}.Dev|Default.ActiveCfg = DebugLocal
		{0B47F46C-9BB5-4095-A485-FD1546E11762}.Dev|Default.Build.0 = DebugLocal
		{0B47F46C-9BB5-4095-A485-FD1546E11762}.Legacy|Default.ActiveCfg = Release
		{0B47F46C-9BB5-4095-A485-FD1546E11762}.Legacy|Default.Build.0 = Release
		{0B47F46C-9BB5-4095-A485-FD1546E11762}.Legacy|Default.Deploy.0 = Release
		{0B47F46C-9BB5-4095-A485-FD1546E11762}.Release_AWS|Default.ActiveCfg = Release_AWS
		{0B47F46C-9BB5-4095-A485-FD1546E11762}.Release_AWS|Default.Build.0 = Release_AWS
		{0B47F46C-9BB5-4095-A485-FD1546E11762}.Release_AWS|Default.Deploy.0 = Release_AWS
		{0B47F46C-9BB5-4095-A485-FD1546E11762}.Release|Default.ActiveCfg = Release
		{0B47F46C-9BB5-4095-A485-FD1546E11762}.Release|Default.Build.0 = Release
		{0B47F46C-9BB5-4095-A485-FD1546E11762}.Release|Default.Deploy.0 = Release
		{0B47F46C-9BB5-4095-A485-FD1546E11762}.Test|Default.ActiveCfg = Release
		{0B47F46C-9BB5-4095-A485-FD1546E11762}.Test|Default.Build.0 = Release
		{0B47F46C-9BB5-4095-A485-FD1546E11762}.Test|Default.Deploy.0 = Release
		{BD0F5675-DB57-4A8C-9C3D-4A357F6943C8}.Beta|Default.ActiveCfg = Release
		{BD0F5675-DB57-4A8C-9C3D-4A357F6943C8}.Beta|Default.Build.0 = Release
		{BD0F5675-DB57-4A8C-9C3D-4A357F6943C8}.Beta|Default.Deploy.0 = Release
		{BD0F5675-DB57-4A8C-9C3D-4A357F6943C8}.Beta2|Default.ActiveCfg = Release
		{BD0F5675-DB57-4A8C-9C3D-4A357F6943C8}.Beta2|Default.Build.0 = Release
		{BD0F5675-DB57-4A8C-9C3D-4A357F6943C8}.Beta2|Default.Deploy.0 = Release
		{BD0F5675-DB57-4A8C-9C3D-4A357F6943C8}.Debug|Default.ActiveCfg = Debug
		{BD0F5675-DB57-4A8C-9C3D-4A357F6943C8}.Debug|Default.Build.0 = Debug
		{BD0F5675-DB57-4A8C-9C3D-4A357F6943C8}.Debug|Default.Deploy.0 = Debug
		{BD0F5675-DB57-4A8C-9C3D-4A357F6943C8}.DebugLocal|Default.ActiveCfg = DebugLocal
		{BD0F5675-DB57-4A8C-9C3D-4A357F6943C8}.DebugLocal|Default.Build.0 = DebugLocal
		{BD0F5675-DB57-4A8C-9C3D-4A357F6943C8}.Dev|Default.ActiveCfg = DebugLocal
		{BD0F5675-DB57-4A8C-9C3D-4A357F6943C8}.Dev|Default.Build.0 = DebugLocal
		{BD0F5675-DB57-4A8C-9C3D-4A357F6943C8}.Legacy|Default.ActiveCfg = Release
		{BD0F5675-DB57-4A8C-9C3D-4A357F6943C8}.Legacy|Default.Build.0 = Release
		{BD0F5675-DB57-4A8C-9C3D-4A357F6943C8}.Legacy|Default.Deploy.0 = Release
		{BD0F5675-DB57-4A8C-9C3D-4A357F6943C8}.Release_AWS|Default.ActiveCfg = Release_AWS
		{BD0F5675-DB57-4A8C-9C3D-4A357F6943C8}.Release_AWS|Default.Build.0 = Release_AWS
		{BD0F5675-DB57-4A8C-9C3D-4A357F6943C8}.Release_AWS|Default.Deploy.0 = Release_AWS
		{BD0F5675-DB57-4A8C-9C3D-4A357F6943C8}.Release|Default.ActiveCfg = Release
		{BD0F5675-DB57-4A8C-9C3D-4A357F6943C8}.Release|Default.Build.0 = Release
		{BD0F5675-DB57-4A8C-9C3D-4A357F6943C8}.Release|Default.Deploy.0 = Release
		{BD0F5675-DB57-4A8C-9C3D-4A357F6943C8}.Test|Default.ActiveCfg = Release
		{BD0F5675-DB57-4A8C-9C3D-4A357F6943C8}.Test|Default.Build.0 = Release
		{BD0F5675-DB57-4A8C-9C3D-4A357F6943C8}.Test|Default.Deploy.0 = Release
		{F7783C31-121B-46BC-93A0-E106E72A18EB}.Beta|Default.ActiveCfg = Release
		{F7783C31-121B-46BC-93A0-E106E72A18EB}.Beta|Default.Build.0 = Release
		{F7783C31-121B-46BC-93A0-E106E72A18EB}.Beta|Default.Deploy.0 = Release
		{F7783C31-121B-46BC-93A0-E106E72A18EB}.Beta2|Default.ActiveCfg = Release
		{F7783C31-121B-46BC-93A0-E106E72A18EB}.Beta2|Default.Build.0 = Release
		{F7783C31-121B-46BC-93A0-E106E72A18EB}.Beta2|Default.Deploy.0 = Release
		{F7783C31-121B-46BC-93A0-E106E72A18EB}.Debug|Default.ActiveCfg = Debug
		{F7783C31-121B-46BC-93A0-E106E72A18EB}.Debug|Default.Build.0 = Debug
		{F7783C31-121B-46BC-93A0-E106E72A18EB}.Debug|Default.Deploy.0 = Debug
		{F7783C31-121B-46BC-93A0-E106E72A18EB}.DebugLocal|Default.ActiveCfg = DebugLocal
		{F7783C31-121B-46BC-93A0-E106E72A18EB}.DebugLocal|Default.Build.0 = DebugLocal
		{F7783C31-121B-46BC-93A0-E106E72A18EB}.Dev|Default.ActiveCfg = DebugLocal
		{F7783C31-121B-46BC-93A0-E106E72A18EB}.Dev|Default.Build.0 = DebugLocal
		{F7783C31-121B-46BC-93A0-E106E72A18EB}.Legacy|Default.ActiveCfg = Release
		{F7783C31-121B-46BC-93A0-E106E72A18EB}.Legacy|Default.Build.0 = Release
		{F7783C31-121B-46BC-93A0-E106E72A18EB}.Legacy|Default.Deploy.0 = Release
		{F7783C31-121B-46BC-93A0-E106E72A18EB}.Release_AWS|Default.ActiveCfg = Release_AWS
		{F7783C31-121B-46BC-93A0-E106E72A18EB}.Release_AWS|Default.Build.0 = Release_AWS
		{F7783C31-121B-46BC-93A0-E106E72A18EB}.Release_AWS|Default.Deploy.0 = Release_AWS
		{F7783C31-121B-46BC-93A0-E106E72A18EB}.Release|Default.ActiveCfg = Release
		{F7783C31-121B-46BC-93A0-E106E72A18EB}.Release|Default.Build.0 = Release
		{F7783C31-121B-46BC-93A0-E106E72A18EB}.Release|Default.Deploy.0 = Release
		{F7783C31-121B-46BC-93A0-E106E72A18EB}.Test|Default.ActiveCfg = Test
		{F7783C31-121B-46BC-93A0-E106E72A18EB}.Test|Default.Build.0 = Test
		{F7783C31-121B-46BC-93A0-E106E72A18EB}.Test|Default.Deploy.0 = Test
	EndGlobalSection
	GlobalSection(SolutionProperties) = preSolution
		HideSolutionNode = FALSE
	EndGlobalSection
	GlobalSection(ExtensibilityGlobals) = postSolution
		SolutionGuid = {AB097D43-A44E-4899-81AD-133B3B8958A2}
	EndGlobalSection
EndGlobal
