
Microsoft Visual Studio Solution File, Format Version 12.00
# Visual Studio Version 16
VisualStudioVersion = 16.0.28729.10
MinimumVisualStudioVersion = 10.0.40219.1
Project("{F14B399A-7131-4C87-9E4B-1186C45EF12D}") = "cd_reports", "cd_reports\cd_reports.rptproj", "{24858493-AEF8-43A0-8A8A-946E42FD2744}"
EndProject
Project("{F14B399A-7131-4C87-9E4B-1186C45EF12D}") = "Development", "Development\Development.rptproj", "{0427D2EB-F3F1-4D30-9A71-DB1FA07B168C}"
EndProject
Project("{F14B399A-7131-4C87-9E4B-1186C45EF12D}") = "Ticketing Box Office", "Ticketing\Ticketing Box Office.rptproj", "{76C7DB0B-F770-4B90-890F-129558395D2C}"
EndProject
Project("{F14B399A-7131-4C87-9E4B-1186C45EF12D}") = "Finance", "Finance\Finance.rptproj", "{9E945FF9-C0B4-41EB-8069-CD7C64690A4A}"
EndProject
Project("{F14B399A-7131-4C87-9E4B-1186C45EF12D}") = "CD_SSRS_Reports", "..\..\SSRS Reports\CD_SSRS_Reports.rptproj", "{02235EFC-2504-44BE-81C7-928BE71A4CD4}"
EndProject
Project("{F14B399A-7131-4C87-9E4B-1186C45EF12D}") = "Ticketing Subscription", "Ticketing Subscription\Ticketing Subscription.rptproj", "{66689B17-7E36-45CB-9527-283D524121C9}"
EndProject
Project("{F14B399A-7131-4C87-9E4B-1186C45EF12D}") = "Common", "Common\Common.rptproj", "{3D9285B3-D639-4A20-B4F8-FDFA49E12E5F}"
EndProject
Project("{F14B399A-7131-4C87-9E4B-1186C45EF12D}") = "Customer Service", "Customer Service\Customer Service.rptproj", "{2274C373-B8B8-481A-988E-70AF45D5235F}"
EndProject
Project("{F14B399A-7131-4C87-9E4B-1186C45EF12D}") = "Ticketing Proofing", "Ticketing Proofing\Ticketing Proofing.rptproj", "{A97A49F5-11FF-4560-A2F1-C2EB00CE302C}"
EndProject
Project("{F14B399A-7131-4C87-9E4B-1186C45EF12D}") = "CampaignAppeal", "Campaign and Appeal\CampaignAppeal.rptproj", "{1B1327DF-AE25-41A9-B3B6-FFF519A410FF}"
EndProject
Project("{F14B399A-7131-4C87-9E4B-1186C45EF12D}") = "Data Management", "Data Management\Data Management.rptproj", "{13898BDD-D91A-4D5C-944C-C79E670C8F7F}"
EndProject
Project("{F14B399A-7131-4C87-9E4B-1186C45EF12D}") = "Labels and Letters", "Labels and Letters\Labels and Letters.rptproj", "{5CE0C446-6322-4DCC-9F08-1BF1CF0B1103}"
EndProject
Project("{F14B399A-7131-4C87-9E4B-1186C45EF12D}") = "System Administration", "System Administration\System Administration.rptproj", "{2854AEAA-1940-4D08-8C9A-612C95BD7E08}"
EndProject
Project("{F14B399A-7131-4C87-9E4B-1186C45EF12D}") = "NScan", "..\Holly\Tessitura\cd_reports\NScan\NScan.rptproj", "{0418400D-698B-493E-8597-899FFBDD95CE}"
EndProject
Project("{F14B399A-7131-4C87-9E4B-1186C45EF12D}") = "Membership", "Membership\Membership.rptproj", "{0B47F46C-9BB5-4095-A485-FD1546E11762}"
EndProject
Project("{F14B399A-7131-4C87-9E4B-1186C45EF12D}") = "Deprecated", "Deprecated\Deprecated.rptproj", "{BD0F5675-DB57-4A8C-9C3D-4A357F6943C8}"
EndProject
Project("{F14B399A-7131-4C87-9E4B-1186C45EF12D}") = "Lists and Output Sets", "Lists and Output Sets\Lists and Output Sets.rptproj", "{F7783C31-121B-46BC-93A0-E106E72A18EB}"
EndProject
Global
	GlobalSection(SolutionConfigurationPlatforms) = preSolution
		Beta|Default = Beta|Default
		Beta2|Default = Beta2|Default
		Debug|Default = Debug|Default
		DebugLocal|Default = DebugLocal|Default
	EndGlobalSection
	GlobalSection(ProjectConfigurationPlatforms) = postSolution
		{24858493-AEF8-43A0-8A8A-946E42FD2744}.Beta|Default.ActiveCfg = Beta
		{24858493-AEF8-43A0-8A8A-946E42FD2744}.Beta|Default.Build.0 = Beta
		{24858493-AEF8-43A0-8A8A-946E42FD2744}.Beta|Default.Deploy.0 = Beta
		{24858493-AEF8-43A0-8A8A-946E42FD2744}.Beta2|Default.ActiveCfg = Beta
		{24858493-AEF8-43A0-8A8A-946E42FD2744}.Beta2|Default.Build.0 = Beta
		{24858493-AEF8-43A0-8A8A-946E42FD2744}.Beta2|Default.Deploy.0 = Beta
		{24858493-AEF8-43A0-8A8A-946E42FD2744}.Debug|Default.ActiveCfg = Debug
		{24858493-AEF8-43A0-8A8A-946E42FD2744}.Debug|Default.Build.0 = Debug
		{24858493-AEF8-43A0-8A8A-946E42FD2744}.Debug|Default.Deploy.0 = Debug
		{24858493-AEF8-43A0-8A8A-946E42FD2744}.DebugLocal|Default.ActiveCfg = Debug
		{24858493-AEF8-43A0-8A8A-946E42FD2744}.DebugLocal|Default.Build.0 = Debug
		{24858493-AEF8-43A0-8A8A-946E42FD2744}.DebugLocal|Default.Deploy.0 = Debug
		{0427D2EB-F3F1-4D30-9A71-DB1FA07B168C}.Beta|Default.ActiveCfg = Beta
		{0427D2EB-F3F1-4D30-9A71-DB1FA07B168C}.Beta|Default.Build.0 = Beta
		{0427D2EB-F3F1-4D30-9A71-DB1FA07B168C}.Beta|Default.Deploy.0 = Beta
		{0427D2EB-F3F1-4D30-9A71-DB1FA07B168C}.Beta2|Default.ActiveCfg = Beta
		{0427D2EB-F3F1-4D30-9A71-DB1FA07B168C}.Beta2|Default.Build.0 = Beta
		{0427D2EB-F3F1-4D30-9A71-DB1FA07B168C}.Beta2|Default.Deploy.0 = Beta
		{0427D2EB-F3F1-4D30-9A71-DB1FA07B168C}.Debug|Default.ActiveCfg = Debug
		{0427D2EB-F3F1-4D30-9A71-DB1FA07B168C}.Debug|Default.Build.0 = Debug
		{0427D2EB-F3F1-4D30-9A71-DB1FA07B168C}.Debug|Default.Deploy.0 = Debug
		{0427D2EB-F3F1-4D30-9A71-DB1FA07B168C}.DebugLocal|Default.ActiveCfg = Debug
		{0427D2EB-F3F1-4D30-9A71-DB1FA07B168C}.DebugLocal|Default.Build.0 = Debug
		{0427D2EB-F3F1-4D30-9A71-DB1FA07B168C}.DebugLocal|Default.Deploy.0 = Debug
		{76C7DB0B-F770-4B90-890F-129558395D2C}.Beta|Default.ActiveCfg = Beta
		{76C7DB0B-F770-4B90-890F-129558395D2C}.Beta|Default.Build.0 = Beta
		{76C7DB0B-F770-4B90-890F-129558395D2C}.Beta|Default.Deploy.0 = Beta
		{76C7DB0B-F770-4B90-890F-129558395D2C}.Beta2|Default.ActiveCfg = Beta
		{76C7DB0B-F770-4B90-890F-129558395D2C}.Beta2|Default.Build.0 = Beta
		{76C7DB0B-F770-4B90-890F-129558395D2C}.Beta2|Default.Deploy.0 = Beta
		{76C7DB0B-F770-4B90-890F-129558395D2C}.Debug|Default.ActiveCfg = Debug
		{76C7DB0B-F770-4B90-890F-129558395D2C}.Debug|Default.Build.0 = Debug
		{76C7DB0B-F770-4B90-890F-129558395D2C}.Debug|Default.Deploy.0 = Debug
		{76C7DB0B-F770-4B90-890F-129558395D2C}.DebugLocal|Default.ActiveCfg = Debug
		{76C7DB0B-F770-4B90-890F-129558395D2C}.DebugLocal|Default.Build.0 = Debug
		{76C7DB0B-F770-4B90-890F-129558395D2C}.DebugLocal|Default.Deploy.0 = Debug
		{9E945FF9-C0B4-41EB-8069-CD7C64690A4A}.Beta|Default.ActiveCfg = Beta
		{9E945FF9-C0B4-41EB-8069-CD7C64690A4A}.Beta|Default.Build.0 = Beta
		{9E945FF9-C0B4-41EB-8069-CD7C64690A4A}.Beta|Default.Deploy.0 = Beta
		{9E945FF9-C0B4-41EB-8069-CD7C64690A4A}.Beta2|Default.ActiveCfg = Beta
		{9E945FF9-C0B4-41EB-8069-CD7C64690A4A}.Beta2|Default.Build.0 = Beta
		{9E945FF9-C0B4-41EB-8069-CD7C64690A4A}.Beta2|Default.Deploy.0 = Beta
		{9E945FF9-C0B4-41EB-8069-CD7C64690A4A}.Debug|Default.ActiveCfg = Debug
		{9E945FF9-C0B4-41EB-8069-CD7C64690A4A}.Debug|Default.Build.0 = Debug
		{9E945FF9-C0B4-41EB-8069-CD7C64690A4A}.Debug|Default.Deploy.0 = Debug
		{9E945FF9-C0B4-41EB-8069-CD7C64690A4A}.DebugLocal|Default.ActiveCfg = Debug
		{9E945FF9-C0B4-41EB-8069-CD7C64690A4A}.DebugLocal|Default.Build.0 = Debug
		{9E945FF9-C0B4-41EB-8069-CD7C64690A4A}.DebugLocal|Default.Deploy.0 = Debug
		{02235EFC-2504-44BE-81C7-928BE71A4CD4}.Beta|Default.ActiveCfg = TEST
		{02235EFC-2504-44BE-81C7-928BE71A4CD4}.Beta|Default.Build.0 = TEST
		{02235EFC-2504-44BE-81C7-928BE71A4CD4}.Beta|Default.Deploy.0 = TEST
		{02235EFC-2504-44BE-81C7-928BE71A4CD4}.Beta2|Default.ActiveCfg = TEST
		{02235EFC-2504-44BE-81C7-928BE71A4CD4}.Beta2|Default.Build.0 = TEST
		{02235EFC-2504-44BE-81C7-928BE71A4CD4}.Beta2|Default.Deploy.0 = TEST
		{02235EFC-2504-44BE-81C7-928BE71A4CD4}.Debug|Default.ActiveCfg = TEST
		{02235EFC-2504-44BE-81C7-928BE71A4CD4}.Debug|Default.Build.0 = TEST
		{02235EFC-2504-44BE-81C7-928BE71A4CD4}.Debug|Default.Deploy.0 = TEST
		{02235EFC-2504-44BE-81C7-928BE71A4CD4}.DebugLocal|Default.ActiveCfg = TEST
		{02235EFC-2504-44BE-81C7-928BE71A4CD4}.DebugLocal|Default.Build.0 = TEST
		{02235EFC-2504-44BE-81C7-928BE71A4CD4}.DebugLocal|Default.Deploy.0 = TEST
		{66689B17-7E36-45CB-9527-283D524121C9}.Beta|Default.ActiveCfg = Beta
		{66689B17-7E36-45CB-9527-283D524121C9}.Beta|Default.Build.0 = Beta
		{66689B17-7E36-45CB-9527-283D524121C9}.Beta|Default.Deploy.0 = Beta
		{66689B17-7E36-45CB-9527-283D524121C9}.Beta2|Default.ActiveCfg = Beta
		{66689B17-7E36-45CB-9527-283D524121C9}.Beta2|Default.Build.0 = Beta
		{66689B17-7E36-45CB-9527-283D524121C9}.Beta2|Default.Deploy.0 = Beta
		{66689B17-7E36-45CB-9527-283D524121C9}.Debug|Default.ActiveCfg = Debug
		{66689B17-7E36-45CB-9527-283D524121C9}.Debug|Default.Build.0 = Debug
		{66689B17-7E36-45CB-9527-283D524121C9}.Debug|Default.Deploy.0 = Debug
		{66689B17-7E36-45CB-9527-283D524121C9}.DebugLocal|Default.ActiveCfg = Debug
		{66689B17-7E36-45CB-9527-283D524121C9}.DebugLocal|Default.Build.0 = Debug
		{66689B17-7E36-45CB-9527-283D524121C9}.DebugLocal|Default.Deploy.0 = Debug
		{3D9285B3-D639-4A20-B4F8-FDFA49E12E5F}.Beta|Default.ActiveCfg = Beta
		{3D9285B3-D639-4A20-B4F8-FDFA49E12E5F}.Beta|Default.Build.0 = Beta
		{3D9285B3-D639-4A20-B4F8-FDFA49E12E5F}.Beta|Default.Deploy.0 = Beta
		{3D9285B3-D639-4A20-B4F8-FDFA49E12E5F}.Beta2|Default.ActiveCfg = Beta
		{3D9285B3-D639-4A20-B4F8-FDFA49E12E5F}.Beta2|Default.Build.0 = Beta
		{3D9285B3-D639-4A20-B4F8-FDFA49E12E5F}.Beta2|Default.Deploy.0 = Beta
		{3D9285B3-D639-4A20-B4F8-FDFA49E12E5F}.Debug|Default.ActiveCfg = Debug
		{3D9285B3-D639-4A20-B4F8-FDFA49E12E5F}.Debug|Default.Build.0 = Debug
		{3D9285B3-D639-4A20-B4F8-FDFA49E12E5F}.Debug|Default.Deploy.0 = Debug
		{3D9285B3-D639-4A20-B4F8-FDFA49E12E5F}.DebugLocal|Default.ActiveCfg = Debug
		{3D9285B3-D639-4A20-B4F8-FDFA49E12E5F}.DebugLocal|Default.Build.0 = Debug
		{3D9285B3-D639-4A20-B4F8-FDFA49E12E5F}.DebugLocal|Default.Deploy.0 = Debug
		{2274C373-B8B8-481A-988E-70AF45D5235F}.Beta|Default.ActiveCfg = Beta
		{2274C373-B8B8-481A-988E-70AF45D5235F}.Beta|Default.Build.0 = Beta
		{2274C373-B8B8-481A-988E-70AF45D5235F}.Beta|Default.Deploy.0 = Beta
		{2274C373-B8B8-481A-988E-70AF45D5235F}.Beta2|Default.ActiveCfg = Beta
		{2274C373-B8B8-481A-988E-70AF45D5235F}.Beta2|Default.Build.0 = Beta
		{2274C373-B8B8-481A-988E-70AF45D5235F}.Beta2|Default.Deploy.0 = Beta
		{2274C373-B8B8-481A-988E-70AF45D5235F}.Debug|Default.ActiveCfg = Debug
		{2274C373-B8B8-481A-988E-70AF45D5235F}.Debug|Default.Build.0 = Debug
		{2274C373-B8B8-481A-988E-70AF45D5235F}.Debug|Default.Deploy.0 = Debug
		{2274C373-B8B8-481A-988E-70AF45D5235F}.DebugLocal|Default.ActiveCfg = Debug
		{2274C373-B8B8-481A-988E-70AF45D5235F}.DebugLocal|Default.Build.0 = Debug
		{2274C373-B8B8-481A-988E-70AF45D5235F}.DebugLocal|Default.Deploy.0 = Debug
		{A97A49F5-11FF-4560-A2F1-C2EB00CE302C}.Beta|Default.ActiveCfg = Beta
		{A97A49F5-11FF-4560-A2F1-C2EB00CE302C}.Beta|Default.Build.0 = Beta
		{A97A49F5-11FF-4560-A2F1-C2EB00CE302C}.Beta|Default.Deploy.0 = Beta
		{A97A49F5-11FF-4560-A2F1-C2EB00CE302C}.Beta2|Default.ActiveCfg = Beta
		{A97A49F5-11FF-4560-A2F1-C2EB00CE302C}.Beta2|Default.Build.0 = Beta
		{A97A49F5-11FF-4560-A2F1-C2EB00CE302C}.Beta2|Default.Deploy.0 = Beta
		{A97A49F5-11FF-4560-A2F1-C2EB00CE302C}.Debug|Default.ActiveCfg = Debug
		{A97A49F5-11FF-4560-A2F1-C2EB00CE302C}.Debug|Default.Build.0 = Debug
		{A97A49F5-11FF-4560-A2F1-C2EB00CE302C}.Debug|Default.Deploy.0 = Debug
		{A97A49F5-11FF-4560-A2F1-C2EB00CE302C}.DebugLocal|Default.ActiveCfg = Debug
		{A97A49F5-11FF-4560-A2F1-C2EB00CE302C}.DebugLocal|Default.Build.0 = Debug
		{A97A49F5-11FF-4560-A2F1-C2EB00CE302C}.DebugLocal|Default.Deploy.0 = Debug
		{1B1327DF-AE25-41A9-B3B6-FFF519A410FF}.Beta|Default.ActiveCfg = Beta
		{1B1327DF-AE25-41A9-B3B6-FFF519A410FF}.Beta|Default.Build.0 = Beta
		{1B1327DF-AE25-41A9-B3B6-FFF519A410FF}.Beta|Default.Deploy.0 = Beta
		{1B1327DF-AE25-41A9-B3B6-FFF519A410FF}.Beta2|Default.ActiveCfg = Beta
		{1B1327DF-AE25-41A9-B3B6-FFF519A410FF}.Beta2|Default.Build.0 = Beta
		{1B1327DF-AE25-41A9-B3B6-FFF519A410FF}.Beta2|Default.Deploy.0 = Beta
		{1B1327DF-AE25-41A9-B3B6-FFF519A410FF}.Debug|Default.ActiveCfg = Debug
		{1B1327DF-AE25-41A9-B3B6-FFF519A410FF}.Debug|Default.Build.0 = Debug
		{1B1327DF-AE25-41A9-B3B6-FFF519A410FF}.Debug|Default.Deploy.0 = Debug
		{1B1327DF-AE25-41A9-B3B6-FFF519A410FF}.DebugLocal|Default.ActiveCfg = Debug
		{1B1327DF-AE25-41A9-B3B6-FFF519A410FF}.DebugLocal|Default.Build.0 = Debug
		{1B1327DF-AE25-41A9-B3B6-FFF519A410FF}.DebugLocal|Default.Deploy.0 = Debug
		{13898BDD-D91A-4D5C-944C-C79E670C8F7F}.Beta|Default.ActiveCfg = Beta
		{13898BDD-D91A-4D5C-944C-C79E670C8F7F}.Beta|Default.Build.0 = Beta
		{13898BDD-D91A-4D5C-944C-C79E670C8F7F}.Beta|Default.Deploy.0 = Beta
		{13898BDD-D91A-4D5C-944C-C79E670C8F7F}.Beta2|Default.ActiveCfg = Release
		{13898BDD-D91A-4D5C-944C-C79E670C8F7F}.Beta2|Default.Build.0 = Release
		{13898BDD-D91A-4D5C-944C-C79E670C8F7F}.Beta2|Default.Deploy.0 = Release
		{13898BDD-D91A-4D5C-944C-C79E670C8F7F}.Debug|Default.ActiveCfg = Debug
		{13898BDD-D91A-4D5C-944C-C79E670C8F7F}.Debug|Default.Build.0 = Debug
		{13898BDD-D91A-4D5C-944C-C79E670C8F7F}.Debug|Default.Deploy.0 = Debug
		{13898BDD-D91A-4D5C-944C-C79E670C8F7F}.DebugLocal|Default.ActiveCfg = Debug
		{13898BDD-D91A-4D5C-944C-C79E670C8F7F}.DebugLocal|Default.Build.0 = Debug
		{13898BDD-D91A-4D5C-944C-C79E670C8F7F}.DebugLocal|Default.Deploy.0 = Debug
		{5CE0C446-6322-4DCC-9F08-1BF1CF0B1103}.Beta|Default.ActiveCfg = Beta
		{5CE0C446-6322-4DCC-9F08-1BF1CF0B1103}.Beta|Default.Build.0 = Beta
		{5CE0C446-6322-4DCC-9F08-1BF1CF0B1103}.Beta|Default.Deploy.0 = Beta
		{5CE0C446-6322-4DCC-9F08-1BF1CF0B1103}.Beta2|Default.ActiveCfg = Beta
		{5CE0C446-6322-4DCC-9F08-1BF1CF0B1103}.Beta2|Default.Build.0 = Beta
		{5CE0C446-6322-4DCC-9F08-1BF1CF0B1103}.Beta2|Default.Deploy.0 = Beta
		{5CE0C446-6322-4DCC-9F08-1BF1CF0B1103}.Debug|Default.ActiveCfg = Debug
		{5CE0C446-6322-4DCC-9F08-1BF1CF0B1103}.Debug|Default.Build.0 = Debug
		{5CE0C446-6322-4DCC-9F08-1BF1CF0B1103}.Debug|Default.Deploy.0 = Debug
		{5CE0C446-6322-4DCC-9F08-1BF1CF0B1103}.DebugLocal|Default.ActiveCfg = Debug
		{5CE0C446-6322-4DCC-9F08-1BF1CF0B1103}.DebugLocal|Default.Build.0 = Debug
		{5CE0C446-6322-4DCC-9F08-1BF1CF0B1103}.DebugLocal|Default.Deploy.0 = Debug
		{2854AEAA-1940-4D08-8C9A-612C95BD7E08}.Beta|Default.ActiveCfg = Beta
		{2854AEAA-1940-4D08-8C9A-612C95BD7E08}.Beta|Default.Build.0 = Beta
		{2854AEAA-1940-4D08-8C9A-612C95BD7E08}.Beta|Default.Deploy.0 = Beta
		{2854AEAA-1940-4D08-8C9A-612C95BD7E08}.Beta2|Default.ActiveCfg = Release
		{2854AEAA-1940-4D08-8C9A-612C95BD7E08}.Beta2|Default.Build.0 = Release
		{2854AEAA-1940-4D08-8C9A-612C95BD7E08}.Beta2|Default.Deploy.0 = Release
		{2854AEAA-1940-4D08-8C9A-612C95BD7E08}.Debug|Default.ActiveCfg = Debug
		{2854AEAA-1940-4D08-8C9A-612C95BD7E08}.Debug|Default.Build.0 = Debug
		{2854AEAA-1940-4D08-8C9A-612C95BD7E08}.Debug|Default.Deploy.0 = Debug
		{2854AEAA-1940-4D08-8C9A-612C95BD7E08}.DebugLocal|Default.ActiveCfg = DebugLocal
		{2854AEAA-1940-4D08-8C9A-612C95BD7E08}.DebugLocal|Default.Build.0 = DebugLocal
		{0418400D-698B-493E-8597-899FFBDD95CE}.Beta|Default.ActiveCfg = Dev
		{0418400D-698B-493E-8597-899FFBDD95CE}.Beta|Default.Build.0 = Dev
		{0418400D-698B-493E-8597-899FFBDD95CE}.Beta|Default.Deploy.0 = Dev
		{0418400D-698B-493E-8597-899FFBDD95CE}.Beta2|Default.ActiveCfg = Dev
		{0418400D-698B-493E-8597-899FFBDD95CE}.Beta2|Default.Build.0 = Dev
		{0418400D-698B-493E-8597-899FFBDD95CE}.Beta2|Default.Deploy.0 = Dev
		{0418400D-698B-493E-8597-899FFBDD95CE}.Debug|Default.ActiveCfg = Dev
		{0418400D-698B-493E-8597-899FFBDD95CE}.Debug|Default.Build.0 = Dev
		{0418400D-698B-493E-8597-899FFBDD95CE}.Debug|Default.Deploy.0 = Dev
		{0418400D-698B-493E-8597-899FFBDD95CE}.DebugLocal|Default.ActiveCfg = Dev
		{0418400D-698B-493E-8597-899FFBDD95CE}.DebugLocal|Default.Build.0 = Dev
		{0418400D-698B-493E-8597-899FFBDD95CE}.DebugLocal|Default.Deploy.0 = Dev
		{0B47F46C-9BB5-4095-A485-FD1546E11762}.Beta|Default.ActiveCfg = Beta
		{0B47F46C-9BB5-4095-A485-FD1546E11762}.Beta|Default.Build.0 = Beta
		{0B47F46C-9BB5-4095-A485-FD1546E11762}.Beta|Default.Deploy.0 = Beta
		{0B47F46C-9BB5-4095-A485-FD1546E11762}.Beta2|Default.ActiveCfg = Release
		{0B47F46C-9BB5-4095-A485-FD1546E11762}.Beta2|Default.Build.0 = Release
		{0B47F46C-9BB5-4095-A485-FD1546E11762}.Beta2|Default.Deploy.0 = Release
		{0B47F46C-9BB5-4095-A485-FD1546E11762}.Debug|Default.ActiveCfg = Debug
		{0B47F46C-9BB5-4095-A485-FD1546E11762}.Debug|Default.Build.0 = Debug
		{0B47F46C-9BB5-4095-A485-FD1546E11762}.Debug|Default.Deploy.0 = Debug
		{0B47F46C-9BB5-4095-A485-FD1546E11762}.DebugLocal|Default.ActiveCfg = DebugLocal
		{0B47F46C-9BB5-4095-A485-FD1546E11762}.DebugLocal|Default.Build.0 = DebugLocal
		{BD0F5675-DB57-4A8C-9C3D-4A357F6943C8}.Beta|Default.ActiveCfg = Debug
		{BD0F5675-DB57-4A8C-9C3D-4A357F6943C8}.Beta|Default.Build.0 = Debug
		{BD0F5675-DB57-4A8C-9C3D-4A357F6943C8}.Beta|Default.Deploy.0 = Debug
		{BD0F5675-DB57-4A8C-9C3D-4A357F6943C8}.Beta2|Default.ActiveCfg = Release
		{BD0F5675-DB57-4A8C-9C3D-4A357F6943C8}.Beta2|Default.Build.0 = Release
		{BD0F5675-DB57-4A8C-9C3D-4A357F6943C8}.Beta2|Default.Deploy.0 = Release
		{BD0F5675-DB57-4A8C-9C3D-4A357F6943C8}.Debug|Default.ActiveCfg = Debug
		{BD0F5675-DB57-4A8C-9C3D-4A357F6943C8}.Debug|Default.Build.0 = Debug
		{BD0F5675-DB57-4A8C-9C3D-4A357F6943C8}.Debug|Default.Deploy.0 = Debug
		{BD0F5675-DB57-4A8C-9C3D-4A357F6943C8}.DebugLocal|Default.ActiveCfg = DebugLocal
		{BD0F5675-DB57-4A8C-9C3D-4A357F6943C8}.DebugLocal|Default.Build.0 = DebugLocal
		{F7783C31-121B-46BC-93A0-E106E72A18EB}.Beta|Default.ActiveCfg = Beta
		{F7783C31-121B-46BC-93A0-E106E72A18EB}.Beta|Default.Build.0 = Beta
		{F7783C31-121B-46BC-93A0-E106E72A18EB}.Beta|Default.Deploy.0 = Beta
		{F7783C31-121B-46BC-93A0-E106E72A18EB}.Beta2|Default.ActiveCfg = Release
		{F7783C31-121B-46BC-93A0-E106E72A18EB}.Beta2|Default.Build.0 = Release
		{F7783C31-121B-46BC-93A0-E106E72A18EB}.Beta2|Default.Deploy.0 = Release
		{F7783C31-121B-46BC-93A0-E106E72A18EB}.Debug|Default.ActiveCfg = Debug
		{F7783C31-121B-46BC-93A0-E106E72A18EB}.Debug|Default.Build.0 = Debug
		{F7783C31-121B-46BC-93A0-E106E72A18EB}.Debug|Default.Deploy.0 = Debug
		{F7783C31-121B-46BC-93A0-E106E72A18EB}.DebugLocal|Default.ActiveCfg = DebugLocal
		{F7783C31-121B-46BC-93A0-E106E72A18EB}.DebugLocal|Default.Build.0 = DebugLocal
	EndGlobalSection
	GlobalSection(SolutionProperties) = preSolution
		HideSolutionNode = FALSE
	EndGlobalSection
	GlobalSection(ExtensibilityGlobals) = postSolution
		SolutionGuid = {AB097D43-A44E-4899-81AD-133B3B8958A2}
	EndGlobalSection
EndGlobal
